<?xml version="1.0" encoding="UTF-8" standalone="yes" ?>
<CodeBlocks_project_file>
	<FileVersion major="1" minor="6" />
	<Project>
		<Option title="444" />
		<Option pch_mode="2" />
		<Option compiler="gcc" />
		<Build>
			<Target title="Debug">
				<Option output="bin/Debug/444" prefix_auto="1" extension_auto="1" />
				<Option object_output="obj/Debug/" />
				<Option type="1" />
				<Option compiler="gcc" />
				<Compiler>
					<Add option="-g" />
				</Compiler>
			</Target>
			<Target title="Release">
				<Option output="bin/Release/444" prefix_auto="1" extension_auto="1" />
				<Option object_output="obj/Release/" />
				<Option type="1" />
				<Option compiler="gcc" />
				<Compiler>
					<Add option="-O2" />
				</Compiler>
				<Linker>
					<Add option="-s" />
				</Linker>
			</Target>
		</Build>
		<Compiler>
			<Add option="-Wall" />
			<Add option="-lglut -lGL -lGLU" />
		</Compiler>
		<Linker>
			<Add option="-lglut -lGL -lGLU" />
		</Linker>
		<Unit filename="444.depend" />
		<Unit filename="Field.cpp" />
		<Unit filename="Field.h" />
		<Unit filename="LICENSE" />
		<Unit filename="Makefile" />
		<Unit filename="Minecounter.cpp" />
		<Unit filename="Minecounter.h" />
		<Unit filename="README" />
		<Unit filename="Replay.cpp" />
		<Unit filename="Replay.h" />
		<Unit filename="Square.h" />
		<Unit filename="Timer.cpp" />
		<Unit filename="Timer.h" />
		<Unit filename="common.h" />
		<Unit filename="doDo" />
		<Unit filename="main.cpp" />
		<Unit filename="main.cpp~" />
		<Unit filename="miny" />
		<Unit filename="scores.cpp" />
		<Unit filename="scores.h" />
		<Extensions>
			<code_completion />
			<debugger />
		</Extensions>
	</Project>
</CodeBlocks_project_file>
